// !$*UTF8*$!
{
	archiveVersion = 1;
	classes = {
	};
	objectVersion = 46;
	objects = {

/* Begin PBXBuildFile section */
		1D3623260D0F684500981E51 /* RunTunesAppDelegate.mm in Sources */ = {isa = PBXBuildFile; fileRef = 1D3623250D0F684500981E51 /* RunTunesAppDelegate.mm */; };
		1D60589B0D05DD56006BFB54 /* main.m in Sources */ = {isa = PBXBuildFile; fileRef = 29B97316FDCFA39411CA2CEA /* main.m */; };
		1D60589F0D05DD5A006BFB54 /* Foundation.framework in Frameworks */ = {isa = PBXBuildFile; fileRef = 1D30AB110D05D00D00671497 /* Foundation.framework */; };
		1DF5F4E00D08C38300B7A737 /* UIKit.framework in Frameworks */ = {isa = PBXBuildFile; fileRef = 1DF5F4DF0D08C38300B7A737 /* UIKit.framework */; };
		288765A50DF7441C002DB57D /* CoreGraphics.framework in Frameworks */ = {isa = PBXBuildFile; fileRef = 288765A40DF7441C002DB57D /* CoreGraphics.framework */; };
		28AD733F0D9D9553002E5188 /* MainWindow.xib in Resources */ = {isa = PBXBuildFile; fileRef = 28AD733E0D9D9553002E5188 /* MainWindow.xib */; };
		28D801B40F44B63D00FB423F /* CoreData.framework in Frameworks */ = {isa = PBXBuildFile; fileRef = 28D801B30F44B63D00FB423F /* CoreData.framework */; };
		EB08062A14474205004839A3 /* 135bpm.mp4 in Resources */ = {isa = PBXBuildFile; fileRef = EB08062914474205004839A3 /* 135bpm.mp4 */; };
		EB122741142C7B7100239833 /* RunTunes.xcdatamodeld in Sources */ = {isa = PBXBuildFile; fileRef = EB12273F142C7B7100239833 /* RunTunes.xcdatamodeld */; };
		EB1772C313088F430049F239 /* icon.png in Resources */ = {isa = PBXBuildFile; fileRef = EB1772BF13088F430049F239 /* icon.png */; };
		EB199A7D14361EBD00B5F5FA /* mainPlayButton.png in Resources */ = {isa = PBXBuildFile; fileRef = EB199A7B14361EBD00B5F5FA /* mainPlayButton.png */; };
		EB199A7E14361EBD00B5F5FA /* mainPlayButton@2x.png in Resources */ = {isa = PBXBuildFile; fileRef = EB199A7C14361EBD00B5F5FA /* mainPlayButton@2x.png */; };
		EB199A811436226600B5F5FA /* mainTracklistButton.png in Resources */ = {isa = PBXBuildFile; fileRef = EB199A7F1436226600B5F5FA /* mainTracklistButton.png */; };
		EB199A821436226600B5F5FA /* mainTracklistButton@2x.png in Resources */ = {isa = PBXBuildFile; fileRef = EB199A801436226600B5F5FA /* mainTracklistButton@2x.png */; };
		EB199A85143622EA00B5F5FA /* mainChangemixButton.png in Resources */ = {isa = PBXBuildFile; fileRef = EB199A83143622EA00B5F5FA /* mainChangemixButton.png */; };
		EB199A86143622EA00B5F5FA /* mainChangemixButton@2x.png in Resources */ = {isa = PBXBuildFile; fileRef = EB199A84143622EA00B5F5FA /* mainChangemixButton@2x.png */; };
		EB2FE43A142BC78500801818 /* RunningMixes.sqlite in Resources */ = {isa = PBXBuildFile; fileRef = EB2FE439142BC78500801818 /* RunningMixes.sqlite */; };
		EB337584143618F5003C5E93 /* mainBackground.png in Resources */ = {isa = PBXBuildFile; fileRef = EB337582143618F5003C5E93 /* mainBackground.png */; };
		EB337585143618F5003C5E93 /* mainBackground@2x.png in Resources */ = {isa = PBXBuildFile; fileRef = EB337583143618F5003C5E93 /* mainBackground@2x.png */; };
		EB33B4F0143617D30063F6AB /* Default.png in Resources */ = {isa = PBXBuildFile; fileRef = EB33B4EE143617D30063F6AB /* Default.png */; };
		EB33B4F1143617D30063F6AB /* Default@2x.png in Resources */ = {isa = PBXBuildFile; fileRef = EB33B4EF143617D30063F6AB /* Default@2x.png */; };
		EB4D84B5154526DB00409486 /* AVFoundation.framework in Frameworks */ = {isa = PBXBuildFile; fileRef = EB4D84B4154526DB00409486 /* AVFoundation.framework */; };
		EB5184D31523606B00F43478 /* icon@2x.png in Resources */ = {isa = PBXBuildFile; fileRef = EB5184D21523606B00F43478 /* icon@2x.png */; };
		EB65E44D14320EF7002D7C05 /* StarterViewController.mm in Sources */ = {isa = PBXBuildFile; fileRef = EB65E44C14320EF7002D7C05 /* StarterViewController.mm */; };
		EB65E45114320F99002D7C05 /* StarterView.xib in Resources */ = {isa = PBXBuildFile; fileRef = EB65E45014320F99002D7C05 /* StarterView.xib */; };
		EB65E4541432192D002D7C05 /* RunningViewController.mm in Sources */ = {isa = PBXBuildFile; fileRef = EB65E4531432192C002D7C05 /* RunningViewController.mm */; };
		EB65E45614321975002D7C05 /* RunningView.xib in Resources */ = {isa = PBXBuildFile; fileRef = EB65E45514321975002D7C05 /* RunningView.xib */; };
		EB7343A7143625BF0023227B /* runningBackground.png in Resources */ = {isa = PBXBuildFile; fileRef = EB7343A5143625BF0023227B /* runningBackground.png */; };
		EB7343A8143625BF0023227B /* runningBackground@2x.png in Resources */ = {isa = PBXBuildFile; fileRef = EB7343A6143625BF0023227B /* runningBackground@2x.png */; };
		EBA6554F130A6762002961E1 /* AccelerationAnalyzer.m in Sources */ = {isa = PBXBuildFile; fileRef = EBA6554C130A6762002961E1 /* AccelerationAnalyzer.m */; };
		EBA65550130A6762002961E1 /* CyclicArray.m in Sources */ = {isa = PBXBuildFile; fileRef = EBA6554E130A6762002961E1 /* CyclicArray.m */; };
		EBA65557130A6778002961E1 /* AudioFileReader.mm in Sources */ = {isa = PBXBuildFile; fileRef = EBA65554130A6778002961E1 /* AudioFileReader.mm */; };
		EBA65558130A6778002961E1 /* AudioPlayer.mm in Sources */ = {isa = PBXBuildFile; fileRef = EBA65556130A6778002961E1 /* AudioPlayer.mm */; };
		EBA65567130A682A002961E1 /* fft4g.c in Sources */ = {isa = PBXBuildFile; fileRef = EBA65563130A682A002961E1 /* fft4g.c */; };
		EBA65568130A682A002961E1 /* OouraFFT.m in Sources */ = {isa = PBXBuildFile; fileRef = EBA65566130A682A002961E1 /* OouraFFT.m */; };
		EBA65578130A685E002961E1 /* CAStreamBasicDescription.cpp in Sources */ = {isa = PBXBuildFile; fileRef = EBA65575130A685E002961E1 /* CAStreamBasicDescription.cpp */; };
		EBA6559A130A689E002961E1 /* AAFilter.cpp in Sources */ = {isa = PBXBuildFile; fileRef = EBA65583130A689E002961E1 /* AAFilter.cpp */; };
		EBA6559B130A689E002961E1 /* BPMDetect.cpp in Sources */ = {isa = PBXBuildFile; fileRef = EBA65585130A689E002961E1 /* BPMDetect.cpp */; };
		EBA6559C130A689E002961E1 /* cpu_detect_x86_gcc.cpp in Sources */ = {isa = PBXBuildFile; fileRef = EBA65587130A689E002961E1 /* cpu_detect_x86_gcc.cpp */; };
		EBA6559D130A689E002961E1 /* FIFOSampleBuffer.cpp in Sources */ = {isa = PBXBuildFile; fileRef = EBA65589130A689E002961E1 /* FIFOSampleBuffer.cpp */; };
		EBA6559E130A689E002961E1 /* FIRFilter.cpp in Sources */ = {isa = PBXBuildFile; fileRef = EBA6558C130A689E002961E1 /* FIRFilter.cpp */; };
		EBA6559F130A689E002961E1 /* mmx_optimized.cpp in Sources */ = {isa = PBXBuildFile; fileRef = EBA6558E130A689E002961E1 /* mmx_optimized.cpp */; };
		EBA655A0130A689E002961E1 /* PeakFinder.cpp in Sources */ = {isa = PBXBuildFile; fileRef = EBA6558F130A689E002961E1 /* PeakFinder.cpp */; };
		EBA655A1130A689E002961E1 /* RateTransposer.cpp in Sources */ = {isa = PBXBuildFile; fileRef = EBA65591130A689E002961E1 /* RateTransposer.cpp */; };
		EBA655A2130A689E002961E1 /* SoundTouch.cpp in Sources */ = {isa = PBXBuildFile; fileRef = EBA65594130A689E002961E1 /* SoundTouch.cpp */; };
		EBA655A3130A689E002961E1 /* sse_optimized.cpp in Sources */ = {isa = PBXBuildFile; fileRef = EBA65596130A689E002961E1 /* sse_optimized.cpp */; };
		EBA655A4130A689E002961E1 /* TDStretch.cpp in Sources */ = {isa = PBXBuildFile; fileRef = EBA65598130A689E002961E1 /* TDStretch.cpp */; };
		EBA655BF130A694C002961E1 /* AudioToolbox.framework in Frameworks */ = {isa = PBXBuildFile; fileRef = EBA655BE130A694C002961E1 /* AudioToolbox.framework */; };
		EBF40C2F14362B6F00377AD1 /* TracklistViewController.mm in Sources */ = {isa = PBXBuildFile; fileRef = EBF40C2E14362B6F00377AD1 /* TracklistViewController.mm */; };
		EBF40C3314362BCA00377AD1 /* TracklistView.xib in Resources */ = {isa = PBXBuildFile; fileRef = EBF40C3214362BCA00377AD1 /* TracklistView.xib */; };
/* End PBXBuildFile section */

/* Begin PBXFileReference section */
		1D30AB110D05D00D00671497 /* Foundation.framework */ = {isa = PBXFileReference; lastKnownFileType = wrapper.framework; name = Foundation.framework; path = System/Library/Frameworks/Foundation.framework; sourceTree = SDKROOT; };
		1D3623240D0F684500981E51 /* RunTunesAppDelegate.h */ = {isa = PBXFileReference; fileEncoding = 4; lastKnownFileType = sourcecode.c.h; path = RunTunesAppDelegate.h; sourceTree = "<group>"; };
		1D3623250D0F684500981E51 /* RunTunesAppDelegate.mm */ = {isa = PBXFileReference; fileEncoding = 4; lastKnownFileType = sourcecode.cpp.objcpp; path = RunTunesAppDelegate.mm; sourceTree = "<group>"; };
		1D6058910D05DD3D006BFB54 /* RunTunes.app */ = {isa = PBXFileReference; explicitFileType = wrapper.application; includeInIndex = 0; path = RunTunes.app; sourceTree = BUILT_PRODUCTS_DIR; };
		1DF5F4DF0D08C38300B7A737 /* UIKit.framework */ = {isa = PBXFileReference; lastKnownFileType = wrapper.framework; name = UIKit.framework; path = System/Library/Frameworks/UIKit.framework; sourceTree = SDKROOT; };
		288765A40DF7441C002DB57D /* CoreGraphics.framework */ = {isa = PBXFileReference; lastKnownFileType = wrapper.framework; name = CoreGraphics.framework; path = System/Library/Frameworks/CoreGraphics.framework; sourceTree = SDKROOT; };
		28AD733E0D9D9553002E5188 /* MainWindow.xib */ = {isa = PBXFileReference; lastKnownFileType = file.xib; path = MainWindow.xib; sourceTree = "<group>"; };
		28D801B30F44B63D00FB423F /* CoreData.framework */ = {isa = PBXFileReference; lastKnownFileType = wrapper.framework; name = CoreData.framework; path = System/Library/Frameworks/CoreData.framework; sourceTree = SDKROOT; };
		29B97316FDCFA39411CA2CEA /* main.m */ = {isa = PBXFileReference; fileEncoding = 4; lastKnownFileType = sourcecode.c.objc; path = main.m; sourceTree = "<group>"; };
		32CA4F630368D1EE00C91783 /* RunTunes_Prefix.pch */ = {isa = PBXFileReference; fileEncoding = 4; lastKnownFileType = sourcecode.c.h; path = RunTunes_Prefix.pch; sourceTree = "<group>"; };
		8D1107310486CEB800E47090 /* RunTunes-Info.plist */ = {isa = PBXFileReference; fileEncoding = 4; lastKnownFileType = text.plist.xml; path = "RunTunes-Info.plist"; plistStructureDefinitionIdentifier = "com.apple.xcode.plist.structure-definition.iphone.info-plist"; sourceTree = "<group>"; };
		EB08062914474205004839A3 /* 135bpm.mp4 */ = {isa = PBXFileReference; lastKnownFileType = file; name = 135bpm.mp4; path = Resources/Mixes/RunTunes/135bpm.mp4; sourceTree = "<group>"; };
		EB122740142C7B7100239833 /* RunningMixes.xcdatamodel */ = {isa = PBXFileReference; lastKnownFileType = wrapper.xcdatamodel; path = RunningMixes.xcdatamodel; sourceTree = "<group>"; };
		EB1772BF13088F430049F239 /* icon.png */ = {isa = PBXFileReference; lastKnownFileType = image.png; name = icon.png; path = Resources/Images/icon.png; sourceTree = "<group>"; };
		EB199A7B14361EBD00B5F5FA /* mainPlayButton.png */ = {isa = PBXFileReference; lastKnownFileType = image.png; name = mainPlayButton.png; path = Resources/Images/mainPlayButton.png; sourceTree = "<group>"; };
		EB199A7C14361EBD00B5F5FA /* mainPlayButton@2x.png */ = {isa = PBXFileReference; lastKnownFileType = image.png; name = "mainPlayButton@2x.png"; path = "Resources/Images/mainPlayButton@2x.png"; sourceTree = "<group>"; };
		EB199A7F1436226600B5F5FA /* mainTracklistButton.png */ = {isa = PBXFileReference; lastKnownFileType = image.png; name = mainTracklistButton.png; path = Resources/Images/mainTracklistButton.png; sourceTree = "<group>"; };
		EB199A801436226600B5F5FA /* mainTracklistButton@2x.png */ = {isa = PBXFileReference; lastKnownFileType = image.png; name = "mainTracklistButton@2x.png"; path = "Resources/Images/mainTracklistButton@2x.png"; sourceTree = "<group>"; };
		EB199A83143622EA00B5F5FA /* mainChangemixButton.png */ = {isa = PBXFileReference; lastKnownFileType = image.png; name = mainChangemixButton.png; path = Resources/Images/mainChangemixButton.png; sourceTree = "<group>"; };
		EB199A84143622EA00B5F5FA /* mainChangemixButton@2x.png */ = {isa = PBXFileReference; lastKnownFileType = image.png; name = "mainChangemixButton@2x.png"; path = "Resources/Images/mainChangemixButton@2x.png"; sourceTree = "<group>"; };
		EB2FE439142BC78500801818 /* RunningMixes.sqlite */ = {isa = PBXFileReference; lastKnownFileType = file; path = RunningMixes.sqlite; sourceTree = "<group>"; };
		EB337582143618F5003C5E93 /* mainBackground.png */ = {isa = PBXFileReference; lastKnownFileType = image.png; name = mainBackground.png; path = Resources/Images/mainBackground.png; sourceTree = "<group>"; };
		EB337583143618F5003C5E93 /* mainBackground@2x.png */ = {isa = PBXFileReference; lastKnownFileType = image.png; name = "mainBackground@2x.png"; path = "Resources/Images/mainBackground@2x.png"; sourceTree = "<group>"; };
		EB33B4EE143617D30063F6AB /* Default.png */ = {isa = PBXFileReference; lastKnownFileType = image.png; name = Default.png; path = Resources/Images/Default.png; sourceTree = "<group>"; };
		EB33B4EF143617D30063F6AB /* Default@2x.png */ = {isa = PBXFileReference; lastKnownFileType = image.png; name = "Default@2x.png"; path = "Resources/Images/Default@2x.png"; sourceTree = "<group>"; };
		EB4D84B4154526DB00409486 /* AVFoundation.framework */ = {isa = PBXFileReference; lastKnownFileType = wrapper.framework; name = AVFoundation.framework; path = System/Library/Frameworks/AVFoundation.framework; sourceTree = SDKROOT; };
		EB5184D21523606B00F43478 /* icon@2x.png */ = {isa = PBXFileReference; lastKnownFileType = image.png; path = "icon@2x.png"; sourceTree = "<group>"; };
		EB65E44B14320EF7002D7C05 /* StarterViewController.h */ = {isa = PBXFileReference; fileEncoding = 4; lastKnownFileType = sourcecode.c.h; path = StarterViewController.h; sourceTree = "<group>"; };
		EB65E44C14320EF7002D7C05 /* StarterViewController.mm */ = {isa = PBXFileReference; fileEncoding = 4; lastKnownFileType = sourcecode.cpp.objcpp; path = StarterViewController.mm; sourceTree = "<group>"; };
		EB65E45014320F99002D7C05 /* StarterView.xib */ = {isa = PBXFileReference; fileEncoding = 4; lastKnownFileType = file.xib; name = StarterView.xib; path = Resources/StarterView.xib; sourceTree = "<group>"; };
		EB65E4521432192C002D7C05 /* RunningViewController.h */ = {isa = PBXFileReference; fileEncoding = 4; lastKnownFileType = sourcecode.c.h; path = RunningViewController.h; sourceTree = "<group>"; };
		EB65E4531432192C002D7C05 /* RunningViewController.mm */ = {isa = PBXFileReference; fileEncoding = 4; lastKnownFileType = sourcecode.cpp.objcpp; path = RunningViewController.mm; sourceTree = "<group>"; };
		EB65E45514321975002D7C05 /* RunningView.xib */ = {isa = PBXFileReference; fileEncoding = 4; lastKnownFileType = file.xib; name = RunningView.xib; path = Resources/RunningView.xib; sourceTree = "<group>"; };
		EB7343A5143625BF0023227B /* runningBackground.png */ = {isa = PBXFileReference; lastKnownFileType = image.png; name = runningBackground.png; path = Resources/Images/runningBackground.png; sourceTree = "<group>"; };
		EB7343A6143625BF0023227B /* runningBackground@2x.png */ = {isa = PBXFileReference; lastKnownFileType = image.png; name = "runningBackground@2x.png"; path = "Resources/Images/runningBackground@2x.png"; sourceTree = "<group>"; };
		EBA6554B130A6762002961E1 /* AccelerationAnalyzer.h */ = {isa = PBXFileReference; fileEncoding = 4; lastKnownFileType = sourcecode.c.h; name = AccelerationAnalyzer.h; path = AccelerationAnalyzer/AccelerationAnalyzer.h; sourceTree = "<group>"; };
		EBA6554C130A6762002961E1 /* AccelerationAnalyzer.m */ = {isa = PBXFileReference; fileEncoding = 4; lastKnownFileType = sourcecode.c.objc; name = AccelerationAnalyzer.m; path = AccelerationAnalyzer/AccelerationAnalyzer.m; sourceTree = "<group>"; };
		EBA6554D130A6762002961E1 /* CyclicArray.h */ = {isa = PBXFileReference; fileEncoding = 4; lastKnownFileType = sourcecode.c.h; name = CyclicArray.h; path = AccelerationAnalyzer/CyclicArray.h; sourceTree = "<group>"; };
		EBA6554E130A6762002961E1 /* CyclicArray.m */ = {isa = PBXFileReference; fileEncoding = 4; lastKnownFileType = sourcecode.c.objc; name = CyclicArray.m; path = AccelerationAnalyzer/CyclicArray.m; sourceTree = "<group>"; };
		EBA65553130A6778002961E1 /* AudioFileReader.h */ = {isa = PBXFileReference; fileEncoding = 4; lastKnownFileType = sourcecode.c.h; name = AudioFileReader.h; path = AudioPlayer/AudioFileReader.h; sourceTree = "<group>"; };
		EBA65554130A6778002961E1 /* AudioFileReader.mm */ = {isa = PBXFileReference; fileEncoding = 4; lastKnownFileType = sourcecode.cpp.objcpp; name = AudioFileReader.mm; path = AudioPlayer/AudioFileReader.mm; sourceTree = "<group>"; };
		EBA65555130A6778002961E1 /* AudioPlayer.h */ = {isa = PBXFileReference; fileEncoding = 4; lastKnownFileType = sourcecode.c.h; name = AudioPlayer.h; path = AudioPlayer/AudioPlayer.h; sourceTree = "<group>"; };
		EBA65556130A6778002961E1 /* AudioPlayer.mm */ = {isa = PBXFileReference; fileEncoding = 4; lastKnownFileType = sourcecode.cpp.objcpp; name = AudioPlayer.mm; path = AudioPlayer/AudioPlayer.mm; sourceTree = "<group>"; };
		EBA65563130A682A002961E1 /* fft4g.c */ = {isa = PBXFileReference; fileEncoding = 4; lastKnownFileType = sourcecode.c.c; name = fft4g.c; path = OtherSources/OouraFFT/fft4g.c; sourceTree = "<group>"; };
		EBA65564130A682A002961E1 /* fft4g.h */ = {isa = PBXFileReference; fileEncoding = 4; lastKnownFileType = sourcecode.c.h; name = fft4g.h; path = OtherSources/OouraFFT/fft4g.h; sourceTree = "<group>"; };
		EBA65565130A682A002961E1 /* OouraFFT.h */ = {isa = PBXFileReference; fileEncoding = 4; lastKnownFileType = sourcecode.c.h; name = OouraFFT.h; path = OtherSources/OouraFFT/OouraFFT.h; sourceTree = "<group>"; };
		EBA65566130A682A002961E1 /* OouraFFT.m */ = {isa = PBXFileReference; fileEncoding = 4; lastKnownFileType = sourcecode.c.objc; name = OouraFFT.m; path = OtherSources/OouraFFT/OouraFFT.m; sourceTree = "<group>"; };
		EBA65573130A685E002961E1 /* CADebugMacros.h */ = {isa = PBXFileReference; fileEncoding = 4; lastKnownFileType = sourcecode.c.h; name = CADebugMacros.h; path = OtherSources/PublicUtility/CADebugMacros.h; sourceTree = "<group>"; };
		EBA65574130A685E002961E1 /* CAMath.h */ = {isa = PBXFileReference; fileEncoding = 4; lastKnownFileType = sourcecode.c.h; name = CAMath.h; path = OtherSources/PublicUtility/CAMath.h; sourceTree = "<group>"; };
		EBA65575130A685E002961E1 /* CAStreamBasicDescription.cpp */ = {isa = PBXFileReference; fileEncoding = 4; lastKnownFileType = sourcecode.cpp.cpp; name = CAStreamBasicDescription.cpp; path = OtherSources/PublicUtility/CAStreamBasicDescription.cpp; sourceTree = "<group>"; };
		EBA65576130A685E002961E1 /* CAStreamBasicDescription.h */ = {isa = PBXFileReference; fileEncoding = 4; lastKnownFileType = sourcecode.c.h; name = CAStreamBasicDescription.h; path = OtherSources/PublicUtility/CAStreamBasicDescription.h; sourceTree = "<group>"; };
		EBA65577130A685E002961E1 /* CAXException.h */ = {isa = PBXFileReference; fileEncoding = 4; lastKnownFileType = sourcecode.c.h; name = CAXException.h; path = OtherSources/PublicUtility/CAXException.h; sourceTree = "<group>"; };
		EBA65583130A689E002961E1 /* AAFilter.cpp */ = {isa = PBXFileReference; fileEncoding = 4; lastKnownFileType = sourcecode.cpp.cpp; name = AAFilter.cpp; path = OtherSources/SoundTouch/AAFilter.cpp; sourceTree = "<group>"; };
		EBA65584130A689E002961E1 /* AAFilter.h */ = {isa = PBXFileReference; fileEncoding = 4; lastKnownFileType = sourcecode.c.h; name = AAFilter.h; path = OtherSources/SoundTouch/AAFilter.h; sourceTree = "<group>"; };
		EBA65585130A689E002961E1 /* BPMDetect.cpp */ = {isa = PBXFileReference; fileEncoding = 4; lastKnownFileType = sourcecode.cpp.cpp; name = BPMDetect.cpp; path = OtherSources/SoundTouch/BPMDetect.cpp; sourceTree = "<group>"; };
		EBA65586130A689E002961E1 /* BPMDetect.h */ = {isa = PBXFileReference; fileEncoding = 4; lastKnownFileType = sourcecode.c.h; name = BPMDetect.h; path = OtherSources/SoundTouch/BPMDetect.h; sourceTree = "<group>"; };
		EBA65587130A689E002961E1 /* cpu_detect_x86_gcc.cpp */ = {isa = PBXFileReference; fileEncoding = 4; lastKnownFileType = sourcecode.cpp.cpp; name = cpu_detect_x86_gcc.cpp; path = OtherSources/SoundTouch/cpu_detect_x86_gcc.cpp; sourceTree = "<group>"; };
		EBA65588130A689E002961E1 /* cpu_detect.h */ = {isa = PBXFileReference; fileEncoding = 4; lastKnownFileType = sourcecode.c.h; name = cpu_detect.h; path = OtherSources/SoundTouch/cpu_detect.h; sourceTree = "<group>"; };
		EBA65589130A689E002961E1 /* FIFOSampleBuffer.cpp */ = {isa = PBXFileReference; fileEncoding = 4; lastKnownFileType = sourcecode.cpp.cpp; name = FIFOSampleBuffer.cpp; path = OtherSources/SoundTouch/FIFOSampleBuffer.cpp; sourceTree = "<group>"; };
		EBA6558A130A689E002961E1 /* FIFOSampleBuffer.h */ = {isa = PBXFileReference; fileEncoding = 4; lastKnownFileType = sourcecode.c.h; name = FIFOSampleBuffer.h; path = OtherSources/SoundTouch/FIFOSampleBuffer.h; sourceTree = "<group>"; };
		EBA6558B130A689E002961E1 /* FIFOSamplePipe.h */ = {isa = PBXFileReference; fileEncoding = 4; lastKnownFileType = sourcecode.c.h; name = FIFOSamplePipe.h; path = OtherSources/SoundTouch/FIFOSamplePipe.h; sourceTree = "<group>"; };
		EBA6558C130A689E002961E1 /* FIRFilter.cpp */ = {isa = PBXFileReference; fileEncoding = 4; lastKnownFileType = sourcecode.cpp.cpp; name = FIRFilter.cpp; path = OtherSources/SoundTouch/FIRFilter.cpp; sourceTree = "<group>"; };
		EBA6558D130A689E002961E1 /* FIRFilter.h */ = {isa = PBXFileReference; fileEncoding = 4; lastKnownFileType = sourcecode.c.h; name = FIRFilter.h; path = OtherSources/SoundTouch/FIRFilter.h; sourceTree = "<group>"; };
		EBA6558E130A689E002961E1 /* mmx_optimized.cpp */ = {isa = PBXFileReference; fileEncoding = 4; lastKnownFileType = sourcecode.cpp.cpp; name = mmx_optimized.cpp; path = OtherSources/SoundTouch/mmx_optimized.cpp; sourceTree = "<group>"; };
		EBA6558F130A689E002961E1 /* PeakFinder.cpp */ = {isa = PBXFileReference; fileEncoding = 4; lastKnownFileType = sourcecode.cpp.cpp; name = PeakFinder.cpp; path = OtherSources/SoundTouch/PeakFinder.cpp; sourceTree = "<group>"; };
		EBA65590130A689E002961E1 /* PeakFinder.h */ = {isa = PBXFileReference; fileEncoding = 4; lastKnownFileType = sourcecode.c.h; name = PeakFinder.h; path = OtherSources/SoundTouch/PeakFinder.h; sourceTree = "<group>"; };
		EBA65591130A689E002961E1 /* RateTransposer.cpp */ = {isa = PBXFileReference; fileEncoding = 4; lastKnownFileType = sourcecode.cpp.cpp; name = RateTransposer.cpp; path = OtherSources/SoundTouch/RateTransposer.cpp; sourceTree = "<group>"; };
		EBA65592130A689E002961E1 /* RateTransposer.h */ = {isa = PBXFileReference; fileEncoding = 4; lastKnownFileType = sourcecode.c.h; name = RateTransposer.h; path = OtherSources/SoundTouch/RateTransposer.h; sourceTree = "<group>"; };
		EBA65593130A689E002961E1 /* soundtouch_config.h */ = {isa = PBXFileReference; fileEncoding = 4; lastKnownFileType = sourcecode.c.h; name = soundtouch_config.h; path = OtherSources/SoundTouch/soundtouch_config.h; sourceTree = "<group>"; };
		EBA65594130A689E002961E1 /* SoundTouch.cpp */ = {isa = PBXFileReference; fileEncoding = 4; lastKnownFileType = sourcecode.cpp.cpp; name = SoundTouch.cpp; path = OtherSources/SoundTouch/SoundTouch.cpp; sourceTree = "<group>"; };
		EBA65595130A689E002961E1 /* SoundTouch.h */ = {isa = PBXFileReference; fileEncoding = 4; lastKnownFileType = sourcecode.c.h; name = SoundTouch.h; path = OtherSources/SoundTouch/SoundTouch.h; sourceTree = "<group>"; };
		EBA65596130A689E002961E1 /* sse_optimized.cpp */ = {isa = PBXFileReference; fileEncoding = 4; lastKnownFileType = sourcecode.cpp.cpp; name = sse_optimized.cpp; path = OtherSources/SoundTouch/sse_optimized.cpp; sourceTree = "<group>"; };
		EBA65597130A689E002961E1 /* STTypes.h */ = {isa = PBXFileReference; fileEncoding = 4; lastKnownFileType = sourcecode.c.h; name = STTypes.h; path = OtherSources/SoundTouch/STTypes.h; sourceTree = "<group>"; };
		EBA65598130A689E002961E1 /* TDStretch.cpp */ = {isa = PBXFileReference; fileEncoding = 4; lastKnownFileType = sourcecode.cpp.cpp; name = TDStretch.cpp; path = OtherSources/SoundTouch/TDStretch.cpp; sourceTree = "<group>"; };
		EBA65599130A689E002961E1 /* TDStretch.h */ = {isa = PBXFileReference; fileEncoding = 4; lastKnownFileType = sourcecode.c.h; name = TDStretch.h; path = OtherSources/SoundTouch/TDStretch.h; sourceTree = "<group>"; };
		EBA655BE130A694C002961E1 /* AudioToolbox.framework */ = {isa = PBXFileReference; lastKnownFileType = wrapper.framework; name = AudioToolbox.framework; path = System/Library/Frameworks/AudioToolbox.framework; sourceTree = SDKROOT; };
		EBF40C2D14362B6F00377AD1 /* TracklistViewController.h */ = {isa = PBXFileReference; fileEncoding = 4; lastKnownFileType = sourcecode.c.h; path = TracklistViewController.h; sourceTree = "<group>"; };
		EBF40C2E14362B6F00377AD1 /* TracklistViewController.mm */ = {isa = PBXFileReference; fileEncoding = 4; lastKnownFileType = sourcecode.cpp.objcpp; path = TracklistViewController.mm; sourceTree = "<group>"; };
		EBF40C3214362BCA00377AD1 /* TracklistView.xib */ = {isa = PBXFileReference; fileEncoding = 4; lastKnownFileType = file.xib; name = TracklistView.xib; path = Resources/TracklistView.xib; sourceTree = "<group>"; };
/* End PBXFileReference section */

/* Begin PBXFrameworksBuildPhase section */
		1D60588F0D05DD3D006BFB54 /* Frameworks */ = {
			isa = PBXFrameworksBuildPhase;
			buildActionMask = 2147483647;
			files = (
				EB4D84B5154526DB00409486 /* AVFoundation.framework in Frameworks */,
				1D60589F0D05DD5A006BFB54 /* Foundation.framework in Frameworks */,
				1DF5F4E00D08C38300B7A737 /* UIKit.framework in Frameworks */,
				288765A50DF7441C002DB57D /* CoreGraphics.framework in Frameworks */,
				28D801B40F44B63D00FB423F /* CoreData.framework in Frameworks */,
				EBA655BF130A694C002961E1 /* AudioToolbox.framework in Frameworks */,
			);
			runOnlyForDeploymentPostprocessing = 0;
		};
/* End PBXFrameworksBuildPhase section */

/* Begin PBXGroup section */
		080E96DDFE201D6D7F000001 /* Classes */ = {
			isa = PBXGroup;
			children = (
				EBA65551130A6769002961E1 /* AudioPlayer */,
				EBA65549130A6750002961E1 /* AccelerationAnalyzer */,
				1D3623240D0F684500981E51 /* RunTunesAppDelegate.h */,
				1D3623250D0F684500981E51 /* RunTunesAppDelegate.mm */,
				EB65E44B14320EF7002D7C05 /* StarterViewController.h */,
				EB65E44C14320EF7002D7C05 /* StarterViewController.mm */,
				EB65E4521432192C002D7C05 /* RunningViewController.h */,
				EB65E4531432192C002D7C05 /* RunningViewController.mm */,
				EBF40C2D14362B6F00377AD1 /* TracklistViewController.h */,
				EBF40C2E14362B6F00377AD1 /* TracklistViewController.mm */,
			);
			path = Classes;
			sourceTree = "<group>";
		};
		19C28FACFE9D520D11CA2CBB /* Products */ = {
			isa = PBXGroup;
			children = (
				1D6058910D05DD3D006BFB54 /* RunTunes.app */,
			);
			name = Products;
			sourceTree = "<group>";
		};
		29B97314FDCFA39411CA2CEA /* CustomTemplate */ = {
			isa = PBXGroup;
			children = (
				080E96DDFE201D6D7F000001 /* Classes */,
				29B97315FDCFA39411CA2CEA /* Other Sources */,
				29B97317FDCFA39411CA2CEA /* Resources */,
				29B97323FDCFA39411CA2CEA /* Frameworks */,
				19C28FACFE9D520D11CA2CBB /* Products */,
			);
			name = CustomTemplate;
			sourceTree = "<group>";
		};
		29B97315FDCFA39411CA2CEA /* Other Sources */ = {
			isa = PBXGroup;
			children = (
				EBA65581130A6893002961E1 /* SoundTouch */,
				EBA65571130A6854002961E1 /* PublicUtility */,
				EBA65561130A6819002961E1 /* OouraFFT */,
				32CA4F630368D1EE00C91783 /* RunTunes_Prefix.pch */,
				29B97316FDCFA39411CA2CEA /* main.m */,
			);
			name = "Other Sources";
			sourceTree = "<group>";
		};
		29B97317FDCFA39411CA2CEA /* Resources */ = {
			isa = PBXGroup;
			children = (
				EB3F11221309CD6C0030CC32 /* Mixes */,
				EB1771EF1308725B0049F239 /* Images */,
				28AD733E0D9D9553002E5188 /* MainWindow.xib */,
				EB65E45014320F99002D7C05 /* StarterView.xib */,
				EB65E45514321975002D7C05 /* RunningView.xib */,
				EBF40C3214362BCA00377AD1 /* TracklistView.xib */,
				EB12273F142C7B7100239833 /* RunTunes.xcdatamodeld */,
				EB2FE439142BC78500801818 /* RunningMixes.sqlite */,
				8D1107310486CEB800E47090 /* RunTunes-Info.plist */,
			);
			name = Resources;
			sourceTree = "<group>";
		};
		29B97323FDCFA39411CA2CEA /* Frameworks */ = {
			isa = PBXGroup;
			children = (
				EB4D84B4154526DB00409486 /* AVFoundation.framework */,
				1DF5F4DF0D08C38300B7A737 /* UIKit.framework */,
				1D30AB110D05D00D00671497 /* Foundation.framework */,
				288765A40DF7441C002DB57D /* CoreGraphics.framework */,
				28D801B30F44B63D00FB423F /* CoreData.framework */,
				EBA655BE130A694C002961E1 /* AudioToolbox.framework */,
			);
			name = Frameworks;
			sourceTree = "<group>";
		};
		EB1771EF1308725B0049F239 /* Images */ = {
			isa = PBXGroup;
			children = (
				EB7343A5143625BF0023227B /* runningBackground.png */,
				EB7343A6143625BF0023227B /* runningBackground@2x.png */,
				EB199A83143622EA00B5F5FA /* mainChangemixButton.png */,
				EB199A84143622EA00B5F5FA /* mainChangemixButton@2x.png */,
				EB199A7F1436226600B5F5FA /* mainTracklistButton.png */,
				EB199A801436226600B5F5FA /* mainTracklistButton@2x.png */,
				EB199A7B14361EBD00B5F5FA /* mainPlayButton.png */,
				EB199A7C14361EBD00B5F5FA /* mainPlayButton@2x.png */,
				EB337582143618F5003C5E93 /* mainBackground.png */,
				EB337583143618F5003C5E93 /* mainBackground@2x.png */,
				EB33B4EE143617D30063F6AB /* Default.png */,
				EB33B4EF143617D30063F6AB /* Default@2x.png */,
				EB1772BF13088F430049F239 /* icon.png */,
				EB5184D21523606B00F43478 /* icon@2x.png */,
			);
			name = Images;
			sourceTree = "<group>";
		};
		EB3F11221309CD6C0030CC32 /* Mixes */ = {
			isa = PBXGroup;
			children = (
				EB3F11351309CED50030CC32 /* RunTunes */,
			);
			name = Mixes;
			sourceTree = "<group>";
		};
		EB3F11351309CED50030CC32 /* RunTunes */ = {
			isa = PBXGroup;
			children = (
				EB08062914474205004839A3 /* 135bpm.mp4 */,
			);
			name = RunTunes;
			sourceTree = "<group>";
		};
		EBA65549130A6750002961E1 /* AccelerationAnalyzer */ = {
			isa = PBXGroup;
			children = (
				EBA6554B130A6762002961E1 /* AccelerationAnalyzer.h */,
				EBA6554C130A6762002961E1 /* AccelerationAnalyzer.m */,
				EBA6554D130A6762002961E1 /* CyclicArray.h */,
				EBA6554E130A6762002961E1 /* CyclicArray.m */,
			);
			name = AccelerationAnalyzer;
			sourceTree = "<group>";
		};
		EBA65551130A6769002961E1 /* AudioPlayer */ = {
			isa = PBXGroup;
			children = (
				EBA65553130A6778002961E1 /* AudioFileReader.h */,
				EBA65554130A6778002961E1 /* AudioFileReader.mm */,
				EBA65555130A6778002961E1 /* AudioPlayer.h */,
				EBA65556130A6778002961E1 /* AudioPlayer.mm */,
			);
			name = AudioPlayer;
			sourceTree = "<group>";
		};
		EBA65561130A6819002961E1 /* OouraFFT */ = {
			isa = PBXGroup;
			children = (
				EBA65563130A682A002961E1 /* fft4g.c */,
				EBA65564130A682A002961E1 /* fft4g.h */,
				EBA65565130A682A002961E1 /* OouraFFT.h */,
				EBA65566130A682A002961E1 /* OouraFFT.m */,
			);
			name = OouraFFT;
			sourceTree = "<group>";
		};
		EBA65571130A6854002961E1 /* PublicUtility */ = {
			isa = PBXGroup;
			children = (
				EBA65573130A685E002961E1 /* CADebugMacros.h */,
				EBA65574130A685E002961E1 /* CAMath.h */,
				EBA65575130A685E002961E1 /* CAStreamBasicDescription.cpp */,
				EBA65576130A685E002961E1 /* CAStreamBasicDescription.h */,
				EBA65577130A685E002961E1 /* CAXException.h */,
			);
			name = PublicUtility;
			sourceTree = "<group>";
		};
		EBA65581130A6893002961E1 /* SoundTouch */ = {
			isa = PBXGroup;
			children = (
				EBA65583130A689E002961E1 /* AAFilter.cpp */,
				EBA65584130A689E002961E1 /* AAFilter.h */,
				EBA65585130A689E002961E1 /* BPMDetect.cpp */,
				EBA65586130A689E002961E1 /* BPMDetect.h */,
				EBA65587130A689E002961E1 /* cpu_detect_x86_gcc.cpp */,
				EBA65588130A689E002961E1 /* cpu_detect.h */,
				EBA65589130A689E002961E1 /* FIFOSampleBuffer.cpp */,
				EBA6558A130A689E002961E1 /* FIFOSampleBuffer.h */,
				EBA6558B130A689E002961E1 /* FIFOSamplePipe.h */,
				EBA6558C130A689E002961E1 /* FIRFilter.cpp */,
				EBA6558D130A689E002961E1 /* FIRFilter.h */,
				EBA6558E130A689E002961E1 /* mmx_optimized.cpp */,
				EBA6558F130A689E002961E1 /* PeakFinder.cpp */,
				EBA65590130A689E002961E1 /* PeakFinder.h */,
				EBA65591130A689E002961E1 /* RateTransposer.cpp */,
				EBA65592130A689E002961E1 /* RateTransposer.h */,
				EBA65593130A689E002961E1 /* soundtouch_config.h */,
				EBA65594130A689E002961E1 /* SoundTouch.cpp */,
				EBA65595130A689E002961E1 /* SoundTouch.h */,
				EBA65596130A689E002961E1 /* sse_optimized.cpp */,
				EBA65597130A689E002961E1 /* STTypes.h */,
				EBA65598130A689E002961E1 /* TDStretch.cpp */,
				EBA65599130A689E002961E1 /* TDStretch.h */,
			);
			name = SoundTouch;
			sourceTree = "<group>";
		};
/* End PBXGroup section */

/* Begin PBXNativeTarget section */
		1D6058900D05DD3D006BFB54 /* RunTunes */ = {
			isa = PBXNativeTarget;
			buildConfigurationList = 1D6058960D05DD3E006BFB54 /* Build configuration list for PBXNativeTarget "RunTunes" */;
			buildPhases = (
				1D60588D0D05DD3D006BFB54 /* Resources */,
				1D60588E0D05DD3D006BFB54 /* Sources */,
				1D60588F0D05DD3D006BFB54 /* Frameworks */,
			);
			buildRules = (
			);
			dependencies = (
			);
			name = RunTunes;
			productName = RunTunes;
			productReference = 1D6058910D05DD3D006BFB54 /* RunTunes.app */;
			productType = "com.apple.product-type.application";
		};
/* End PBXNativeTarget section */

/* Begin PBXProject section */
		29B97313FDCFA39411CA2CEA /* Project object */ = {
			isa = PBXProject;
			buildConfigurationList = C01FCF4E08A954540054247B /* Build configuration list for PBXProject "RunTunes" */;
			compatibilityVersion = "Xcode 3.2";
			developmentRegion = English;
			hasScannedForEncodings = 1;
			knownRegions = (
				English,
				Japanese,
				French,
				German,
			);
			mainGroup = 29B97314FDCFA39411CA2CEA /* CustomTemplate */;
			projectDirPath = "";
			projectRoot = "";
			targets = (
				1D6058900D05DD3D006BFB54 /* RunTunes */,
			);
		};
/* End PBXProject section */

/* Begin PBXResourcesBuildPhase section */
		1D60588D0D05DD3D006BFB54 /* Resources */ = {
			isa = PBXResourcesBuildPhase;
			buildActionMask = 2147483647;
			files = (
				28AD733F0D9D9553002E5188 /* MainWindow.xib in Resources */,
				EB1772C313088F430049F239 /* icon.png in Resources */,
				EB2FE43A142BC78500801818 /* RunningMixes.sqlite in Resources */,
				EB65E45114320F99002D7C05 /* StarterView.xib in Resources */,
				EB65E45614321975002D7C05 /* RunningView.xib in Resources */,
				EB33B4F0143617D30063F6AB /* Default.png in Resources */,
				EB33B4F1143617D30063F6AB /* Default@2x.png in Resources */,
				EB337584143618F5003C5E93 /* mainBackground.png in Resources */,
				EB337585143618F5003C5E93 /* mainBackground@2x.png in Resources */,
				EB199A7D14361EBD00B5F5FA /* mainPlayButton.png in Resources */,
				EB199A7E14361EBD00B5F5FA /* mainPlayButton@2x.png in Resources */,
				EB199A811436226600B5F5FA /* mainTracklistButton.png in Resources */,
				EB199A821436226600B5F5FA /* mainTracklistButton@2x.png in Resources */,
				EB199A85143622EA00B5F5FA /* mainChangemixButton.png in Resources */,
				EB199A86143622EA00B5F5FA /* mainChangemixButton@2x.png in Resources */,
				EB7343A7143625BF0023227B /* runningBackground.png in Resources */,
				EB7343A8143625BF0023227B /* runningBackground@2x.png in Resources */,
				EBF40C3314362BCA00377AD1 /* TracklistView.xib in Resources */,
				EB08062A14474205004839A3 /* 135bpm.mp4 in Resources */,
				EB5184D31523606B00F43478 /* icon@2x.png in Resources */,
			);
			runOnlyForDeploymentPostprocessing = 0;
		};
/* End PBXResourcesBuildPhase section */

/* Begin PBXSourcesBuildPhase section */
		1D60588E0D05DD3D006BFB54 /* Sources */ = {
			isa = PBXSourcesBuildPhase;
			buildActionMask = 2147483647;
			files = (
				1D60589B0D05DD56006BFB54 /* main.m in Sources */,
				1D3623260D0F684500981E51 /* RunTunesAppDelegate.mm in Sources */,
				EBA6554F130A6762002961E1 /* AccelerationAnalyzer.m in Sources */,
				EBA65550130A6762002961E1 /* CyclicArray.m in Sources */,
				EBA65557130A6778002961E1 /* AudioFileReader.mm in Sources */,
				EBA65558130A6778002961E1 /* AudioPlayer.mm in Sources */,
				EBA65567130A682A002961E1 /* fft4g.c in Sources */,
				EBA65568130A682A002961E1 /* OouraFFT.m in Sources */,
				EBA65578130A685E002961E1 /* CAStreamBasicDescription.cpp in Sources */,
				EBA6559A130A689E002961E1 /* AAFilter.cpp in Sources */,
				EBA6559B130A689E002961E1 /* BPMDetect.cpp in Sources */,
				EBA6559C130A689E002961E1 /* cpu_detect_x86_gcc.cpp in Sources */,
				EBA6559D130A689E002961E1 /* FIFOSampleBuffer.cpp in Sources */,
				EBA6559E130A689E002961E1 /* FIRFilter.cpp in Sources */,
				EBA6559F130A689E002961E1 /* mmx_optimized.cpp in Sources */,
				EBA655A0130A689E002961E1 /* PeakFinder.cpp in Sources */,
				EBA655A1130A689E002961E1 /* RateTransposer.cpp in Sources */,
				EBA655A2130A689E002961E1 /* SoundTouch.cpp in Sources */,
				EBA655A3130A689E002961E1 /* sse_optimized.cpp in Sources */,
				EBA655A4130A689E002961E1 /* TDStretch.cpp in Sources */,
				EB122741142C7B7100239833 /* RunTunes.xcdatamodeld in Sources */,
				EB65E44D14320EF7002D7C05 /* StarterViewController.mm in Sources */,
				EB65E4541432192D002D7C05 /* RunningViewController.mm in Sources */,
				EBF40C2F14362B6F00377AD1 /* TracklistViewController.mm in Sources */,
			);
			runOnlyForDeploymentPostprocessing = 0;
		};
/* End PBXSourcesBuildPhase section */

/* Begin XCBuildConfiguration section */
		1D6058940D05DD3E006BFB54 /* Debug */ = {
			isa = XCBuildConfiguration;
			buildSettings = {
				ALWAYS_SEARCH_USER_PATHS = NO;
				ARCHS = (
					armv6,
					"$(ARCHS_STANDARD_32_BIT)",
				);
				CODE_SIGN_ENTITLEMENTS = "";
				"CODE_SIGN_IDENTITY[sdk=iphoneos*]" = "iPhone Developer: Tamas Ilsinszki (Y9AJ2M4B25)";
				COPY_PHASE_STRIP = NO;
				GCC_DYNAMIC_NO_PIC = NO;
				GCC_OPTIMIZATION_LEVEL = 0;
				GCC_PRECOMPILE_PREFIX_HEADER = YES;
				GCC_PREFIX_HEADER = RunTunes_Prefix.pch;
				GCC_THUMB_SUPPORT = NO;
				INFOPLIST_FILE = "RunTunes-Info.plist";
				PRODUCT_NAME = RunTunes;
				"PROVISIONING_PROFILE[sdk=iphoneos*]" = "4FA33FDE-F0A7-4165-8C5A-E8AB632A4067";
			};
			name = Debug;
		};
		1D6058950D05DD3E006BFB54 /* Release */ = {
			isa = XCBuildConfiguration;
			buildSettings = {
				ALWAYS_SEARCH_USER_PATHS = NO;
				ARCHS = (
					armv6,
					"$(ARCHS_STANDARD_32_BIT)",
				);
				CODE_SIGN_ENTITLEMENTS = "";
				"CODE_SIGN_IDENTITY[sdk=iphoneos*]" = "iPhone Developer: Tamas Ilsinszki (Y9AJ2M4B25)";
				COPY_PHASE_STRIP = YES;
				GCC_PRECOMPILE_PREFIX_HEADER = YES;
				GCC_PREFIX_HEADER = RunTunes_Prefix.pch;
				GCC_THUMB_SUPPORT = NO;
				INFOPLIST_FILE = "RunTunes-Info.plist";
				PRODUCT_NAME = RunTunes;
				"PROVISIONING_PROFILE[sdk=iphoneos*]" = "4FA33FDE-F0A7-4165-8C5A-E8AB632A4067";
				VALIDATE_PRODUCT = YES;
			};
			name = Release;
		};
		C01FCF4F08A954540054247B /* Debug */ = {
			isa = XCBuildConfiguration;
			buildSettings = {
				ARCHS = "$(ARCHS_STANDARD_32_BIT)";
				CODE_SIGN_IDENTITY = "iPhone Developer: Tamas Ilsinszki (Y9AJ2M4B25)";
				"CODE_SIGN_IDENTITY[sdk=iphoneos*]" = "iPhone Developer";
				GCC_C_LANGUAGE_STANDARD = c99;
				GCC_THUMB_SUPPORT = NO;
				GCC_WARN_ABOUT_RETURN_TYPE = YES;
				GCC_WARN_UNUSED_VARIABLE = YES;
				IPHONEOS_DEPLOYMENT_TARGET = 3.0;
				PREBINDING = NO;
				PROVISIONING_PROFILE = "4FA33FDE-F0A7-4165-8C5A-E8AB632A4067";
				SDKROOT = iphoneos;
			};
			name = Debug;
		};
		C01FCF5008A954540054247B /* Release */ = {
			isa = XCBuildConfiguration;
			buildSettings = {
				ARCHS = "$(ARCHS_STANDARD_32_BIT)";
				CODE_SIGN_IDENTITY = "iPhone Developer: Tamas Ilsinszki (Y9AJ2M4B25)";
				"CODE_SIGN_IDENTITY[sdk=iphoneos*]" = "iPhone Developer";
				GCC_C_LANGUAGE_STANDARD = c99;
				GCC_THUMB_SUPPORT = NO;
				GCC_WARN_ABOUT_RETURN_TYPE = YES;
				GCC_WARN_UNUSED_VARIABLE = YES;
				IPHONEOS_DEPLOYMENT_TARGET = 3.0;
				OTHER_CFLAGS = "-DNS_BLOCK_ASSERTIONS=1";
				PREBINDING = NO;
				PROVISIONING_PROFILE = "4FA33FDE-F0A7-4165-8C5A-E8AB632A4067";
				SDKROOT = iphoneos;
			};
			name = Release;
		};
		EB199CD7130B216800FE1D1B /* Ad Hoc Distribution */ = {
			isa = XCBuildConfiguration;
			buildSettings = {
				ARCHS = "$(ARCHS_STANDARD_32_BIT)";
				CODE_SIGN_IDENTITY = "iPhone Distribution: Typogravity Kft";
				"CODE_SIGN_IDENTITY[sdk=iphoneos*]" = "iPhone Distribution";
				GCC_C_LANGUAGE_STANDARD = c99;
				GCC_THUMB_SUPPORT = NO;
				GCC_WARN_ABOUT_RETURN_TYPE = YES;
				GCC_WARN_UNUSED_VARIABLE = YES;
				IPHONEOS_DEPLOYMENT_TARGET = 3.0;
				OTHER_CFLAGS = "-DNS_BLOCK_ASSERTIONS=1";
				PREBINDING = NO;
				PROVISIONING_PROFILE = "D0D48C72-E7FC-4C0D-9898-328652B144A6";
				"PROVISIONING_PROFILE[sdk=iphoneos*]" = "";
				SDKROOT = iphoneos;
			};
			name = "Ad Hoc Distribution";
		};
		EB199CD8130B216800FE1D1B /* Ad Hoc Distribution */ = {
			isa = XCBuildConfiguration;
			buildSettings = {
				ALWAYS_SEARCH_USER_PATHS = NO;
				ARCHS = (
					armv6,
					"$(ARCHS_STANDARD_32_BIT)",
				);
				CODE_SIGN_ENTITLEMENTS = "";
				"CODE_SIGN_IDENTITY[sdk=iphoneos*]" = "iPhone Distribution: Typogravity Kft";
				COPY_PHASE_STRIP = YES;
				GCC_PRECOMPILE_PREFIX_HEADER = YES;
				GCC_PREFIX_HEADER = RunTunes_Prefix.pch;
				GCC_THUMB_SUPPORT = NO;
				INFOPLIST_FILE = "RunTunes-Info.plist";
				PRODUCT_NAME = RunTunes;
				"PROVISIONING_PROFILE[sdk=iphoneos*]" = "D0D48C72-E7FC-4C0D-9898-328652B144A6";
				VALIDATE_PRODUCT = YES;
			};
			name = "Ad Hoc Distribution";
		};
/* End XCBuildConfiguration section */

/* Begin XCConfigurationList section */
		1D6058960D05DD3E006BFB54 /* Build configuration list for PBXNativeTarget "RunTunes" */ = {
			isa = XCConfigurationList;
			buildConfigurations = (
				1D6058940D05DD3E006BFB54 /* Debug */,
				1D6058950D05DD3E006BFB54 /* Release */,
				EB199CD8130B216800FE1D1B /* Ad Hoc Distribution */,
			);
			defaultConfigurationIsVisible = 0;
			defaultConfigurationName = Release;
		};
		C01FCF4E08A954540054247B /* Build configuration list for PBXProject "RunTunes" */ = {
			isa = XCConfigurationList;
			buildConfigurations = (
				C01FCF4F08A954540054247B /* Debug */,
				C01FCF5008A954540054247B /* Release */,
				EB199CD7130B216800FE1D1B /* Ad Hoc Distribution */,
			);
			defaultConfigurationIsVisible = 0;
			defaultConfigurationName = Release;
		};
/* End XCConfigurationList section */

/* Begin XCVersionGroup section */
		EB12273F142C7B7100239833 /* RunTunes.xcdatamodeld */ = {
			isa = XCVersionGroup;
			children = (
				EB122740142C7B7100239833 /* RunningMixes.xcdatamodel */,
			);
			currentVersion = EB122740142C7B7100239833 /* RunningMixes.xcdatamodel */;
			path = RunTunes.xcdatamodeld;
			sourceTree = "<group>";
			versionGroupType = wrapper.xcdatamodel;
		};
/* End XCVersionGroup section */
	};
	rootObject = 29B97313FDCFA39411CA2CEA /* Project object */;
}
